
Microsoft Visual Studio Solution File, Format Version 12.00
# Visual Studio 2013
Project("{8BC9CEB8-8B4A-11D0-8D11-00A0C91BC942}") = "UnrealPit_UE4", "Intermediate\ProjectFiles\UnrealPit_UE4.vcxproj", "{CC0E9462-8CF9-4042-A66E-76C4A176DD2A}"
	ProjectSection(ProjectDependencies) = postProject
	EndProjectSection
EndProject
Global
	GlobalSection(SolutionConfigurationPlatforms) = preSolution
		DebugGame Editor|Windows = DebugGame Editor|Windows
		DebugGame|Windows = DebugGame|Windows
		Development Editor|Windows = Development Editor|Windows
		Development|Windows = Development|Windows
		Shipping|Windows = Shipping|Windows
	EndGlobalSection
	GlobalSection(ProjectConfigurationPlatforms) = postSolution
		{CC0E9462-8CF9-4042-A66E-76C4A176DD2A}.DebugGame Editor|Windows.ActiveCfg = DebugGame_Editor|x64
		{CC0E9462-8CF9-4042-A66E-76C4A176DD2A}.DebugGame Editor|Windows.Build.0 = DebugGame_Editor|x64
		{CC0E9462-8CF9-4042-A66E-76C4A176DD2A}.DebugGame|Windows.ActiveCfg = DebugGame_RocketGame|x64
		{CC0E9462-8CF9-4042-A66E-76C4A176DD2A}.DebugGame|Windows.Build.0 = DebugGame_RocketGame|x64
		{CC0E9462-8CF9-4042-A66E-76C4A176DD2A}.Development Editor|Windows.ActiveCfg = Development_Editor|x64
		{CC0E9462-8CF9-4042-A66E-76C4A176DD2A}.Development Editor|Windows.Build.0 = Development_Editor|x64
		{CC0E9462-8CF9-4042-A66E-76C4A176DD2A}.Development|Windows.ActiveCfg = Development_RocketGame|x64
		{CC0E9462-8CF9-4042-A66E-76C4A176DD2A}.Development|Windows.Build.0 = Development_RocketGame|x64
		{CC0E9462-8CF9-4042-A66E-76C4A176DD2A}.Shipping|Windows.ActiveCfg = Shipping_RocketGame|Win32
		{CC0E9462-8CF9-4042-A66E-76C4A176DD2A}.Shipping|Windows.Build.0 = Shipping_RocketGame|Win32
	EndGlobalSection
	GlobalSection(SolutionProperties) = preSolution
		HideSolutionNode = FALSE
	EndGlobalSection
	GlobalSection(NestedProjects) = preSolution
	EndGlobalSection
EndGlobal
